
Microsoft Visual Studio Solution File, Format Version 12.00
# Visual Studio Version 17
VisualStudioVersion = 17.7.34031.279
MinimumVisualStudioVersion = 10.0.40219.1
Project("{FAE04EC0-301F-11D3-BF4B-00C04F79EFBC}") = "cs2typescript", "cs2typescript.csproj", "{9DDF3554-A675-470D-BB24-87F4326AC616}"
EndProject
Global
	GlobalSection(SolutionConfigurationPlatforms) = preSolution
		Debug|Any CPU = Debug|Any CPU
		Release|Any CPU = Release|Any CPU
	EndGlobalSection
	GlobalSection(ProjectConfigurationPlatforms) = postSolution
		{9DDF3554-A675-470D-BB24-87F4326AC616}.Debug|Any CPU.ActiveCfg = Debug|Any CPU
		{9DDF3554-A675-470D-BB24-87F4326AC616}.Debug|Any CPU.Build.0 = Debug|Any CPU
		{9DDF3554-A675-470D-BB24-87F4326AC616}.Release|Any CPU.ActiveCfg = Release|Any CPU
		{9DDF3554-A675-470D-BB24-87F4326AC616}.Release|Any CPU.Build.0 = Release|Any CPU
	EndGlobalSection
	GlobalSection(SolutionProperties) = preSolution
		HideSolutionNode = FALSE
	EndGlobalSection
	GlobalSection(ExtensibilityGlobals) = postSolution
		SolutionGuid = {45D43CFF-89CB-4B79-8349-8FB84DDEA519}
	EndGlobalSection
EndGlobal
